
Microsoft Visual Studio Solution File, Format Version 12.00
# Visual Studio 15
VisualStudioVersion = 15.0.28307.852
MinimumVisualStudioVersion = 10.0.40219.1
Project("{8BC9CEB8-8B4A-11D0-8D11-00A0C91BC942}") = "SudokuSolver", "SudokuSolver\SudokuSolver.vcxproj", "{D9485C44-903F-4277-BED6-44048F48FA30}"
EndProject
Global
	GlobalSection(SolutionConfigurationPlatforms) = preSolution
		Debug|x64 = Debug|x64
		Debug|x86 = Debug|x86
		Release|x64 = Release|x64
		Release|x86 = Release|x86
	EndGlobalSection
	GlobalSection(ProjectConfigurationPlatforms) = postSolution
		{D9485C44-903F-4277-BED6-44048F48FA30}.Debug|x64.ActiveCfg = Debug|x64
		{D9485C44-903F-4277-BED6-44048F48FA30}.Debug|x64.Build.0 = Debug|x64
		{D9485C44-903F-4277-BED6-44048F48FA30}.Debug|x86.ActiveCfg = Debug|Win32
		{D9485C44-903F-4277-BED6-44048F48FA30}.Debug|x86.Build.0 = Debug|Win32
		{D9485C44-903F-4277-BED6-44048F48FA30}.Release|x64.ActiveCfg = Release|x64
		{D9485C44-903F-4277-BED6-44048F48FA30}.Release|x64.Build.0 = Release|x64
		{D9485C44-903F-4277-BED6-44048F48FA30}.Release|x86.ActiveCfg = Release|Win32
		{D9485C44-903F-4277-BED6-44048F48FA30}.Release|x86.Build.0 = Release|Win32
	EndGlobalSection
	GlobalSection(SolutionProperties) = preSolution
		HideSolutionNode = FALSE
	EndGlobalSection
	GlobalSection(ExtensibilityGlobals) = postSolution
		SolutionGuid = {36FE512A-0C4D-4CE5-B32E-8E1777D923C7}
	EndGlobalSection
EndGlobal
